# This file is autogenerated, do not edit; changes may be undone by the next 'dep ensure'.


[[projects]]
  branch = "master"
  digest = "1:d043e5ae59276188d876090c261c311e146792c0908e08e67e766b1020a72d00"
  name = "github.com/PuerkitoBio/goquery"
  packages = ["."]
  pruneopts = "NUT"
  revision = "dc2ec5c7ca4d9aae063b79b9f581dd3ea6afd2b2"

[[projects]]
  branch = "master"
  digest = "1:fc86904a62ac4bfff8cfbe94f42231ce3d8cea8fe2506d5293eaef468f8eaecf"
  name = "github.com/andybalholm/cascadia"
  packages = ["."]
  pruneopts = "NUT"
  revision = "901648c87902174f774fac311d7f176f8647bdaa"

[[projects]]
  branch = "master"
  digest = "1:8e1fd672f2ef6b5d6da27ebda8d313a3f37bc8081dd780173576d5d85338ff08"
  name = "github.com/blang/semver"
  packages = ["."]
  pruneopts = "NUT"
  revision = "3c1074078d32d767e08ab2c8564867292da86926"

[[projects]]
  branch = "master"
  digest = "1:cc9018972f0ec220424cadedf663d90048bafe045c5c82bbec23fa221cb8cf38"
  name = "golang.org/x/net"
  packages = [
    "html",
    "html/atom",
  ]
  pruneopts = "NUT"
  revision = "49c15d80dfbc983ea25246ee959d970efe09ec09"

[solve-meta]
  analyzer-name = "dep"
  analyzer-version = 1
  input-imports = [
    "github.com/PuerkitoBio/goquery",
    "github.com/blang/semver",
  ]
  solver-name = "gps-cdcl"
  solver-version = 1
